
Microsoft Visual Studio Solution File, Format Version 12.00
# Visual Studio Version 16
VisualStudioVersion = 16.0.29806.167
MinimumVisualStudioVersion = 10.0.40219.1
Project("{9A19103F-16F7-4668-BE54-9A1E7A4F7556}") = "ChuckNorris", "ChuckNorris\ChuckNorris.csproj", "{7DCA704E-D7F1-4A02-AA1B-2EB372AB28F2}"
EndProject
Project("{9A19103F-16F7-4668-BE54-9A1E7A4F7556}") = "ChuckNorris.Unity", "ChuckNorris.Unity\ChuckNorris.Unity.csproj", "{D9F4A859-6109-4F32-BE51-8F41F12D2E32}"
EndProject
Project("{9A19103F-16F7-4668-BE54-9A1E7A4F7556}") = "ChuckNorris.Console", "ChuckNorris.Console\ChuckNorris.Console.csproj", "{8834912B-3AE3-4D32-9FD9-C85FE13C5AE8}"
EndProject
Project("{2150E333-8FDC-42A3-9474-1A3956D46DE8}") = "Solution Items", "Solution Items", "{BE150165-5064-4465-BAB0-7E57B07B4D7C}"
	ProjectSection(SolutionItems) = preProject
		..\README.md = ..\README.md
	EndProjectSection
EndProject
Project("{9A19103F-16F7-4668-BE54-9A1E7A4F7556}") = "ChuckNorris.UnityFull", "ChuckNorris.UnityFull\ChuckNorris.UnityFull.csproj", "{81737D10-C27A-47D6-9464-B0574D5DC0A3}"
EndProject
Global
	GlobalSection(SolutionConfigurationPlatforms) = preSolution
		Debug|Any CPU = Debug|Any CPU
		Release|Any CPU = Release|Any CPU
	EndGlobalSection
	GlobalSection(ProjectConfigurationPlatforms) = postSolution
		{7DCA704E-D7F1-4A02-AA1B-2EB372AB28F2}.Debug|Any CPU.ActiveCfg = Debug|Any CPU
		{7DCA704E-D7F1-4A02-AA1B-2EB372AB28F2}.Debug|Any CPU.Build.0 = Debug|Any CPU
		{7DCA704E-D7F1-4A02-AA1B-2EB372AB28F2}.Release|Any CPU.ActiveCfg = Release|Any CPU
		{7DCA704E-D7F1-4A02-AA1B-2EB372AB28F2}.Release|Any CPU.Build.0 = Release|Any CPU
		{D9F4A859-6109-4F32-BE51-8F41F12D2E32}.Debug|Any CPU.ActiveCfg = Debug|Any CPU
		{D9F4A859-6109-4F32-BE51-8F41F12D2E32}.Debug|Any CPU.Build.0 = Debug|Any CPU
		{D9F4A859-6109-4F32-BE51-8F41F12D2E32}.Release|Any CPU.ActiveCfg = Release|Any CPU
		{D9F4A859-6109-4F32-BE51-8F41F12D2E32}.Release|Any CPU.Build.0 = Release|Any CPU
		{8834912B-3AE3-4D32-9FD9-C85FE13C5AE8}.Debug|Any CPU.ActiveCfg = Debug|Any CPU
		{8834912B-3AE3-4D32-9FD9-C85FE13C5AE8}.Debug|Any CPU.Build.0 = Debug|Any CPU
		{8834912B-3AE3-4D32-9FD9-C85FE13C5AE8}.Release|Any CPU.ActiveCfg = Release|Any CPU
		{8834912B-3AE3-4D32-9FD9-C85FE13C5AE8}.Release|Any CPU.Build.0 = Release|Any CPU
		{81737D10-C27A-47D6-9464-B0574D5DC0A3}.Debug|Any CPU.ActiveCfg = Debug|Any CPU
		{81737D10-C27A-47D6-9464-B0574D5DC0A3}.Debug|Any CPU.Build.0 = Debug|Any CPU
		{81737D10-C27A-47D6-9464-B0574D5DC0A3}.Release|Any CPU.ActiveCfg = Release|Any CPU
		{81737D10-C27A-47D6-9464-B0574D5DC0A3}.Release|Any CPU.Build.0 = Release|Any CPU
	EndGlobalSection
	GlobalSection(SolutionProperties) = preSolution
		HideSolutionNode = FALSE
	EndGlobalSection
	GlobalSection(ExtensibilityGlobals) = postSolution
		SolutionGuid = {3DC03F27-B00D-4218-89F1-AA8847272D25}
	EndGlobalSection
EndGlobal
